// !$*UTF8*$!
{
	archiveVersion = 1;
	classes = {
	};
	objectVersion = 50;
	objects = {

/* Begin PBXBuildFile section */
		CCDD0B0824355ACA00F9703A /* AppDelegate.swift in Sources */ = {isa = PBXBuildFile; fileRef = CCDD0B0724355ACA00F9703A /* AppDelegate.swift */; };
		CCDD0B0A24355ACA00F9703A /* SceneDelegate.swift in Sources */ = {isa = PBXBuildFile; fileRef = CCDD0B0924355ACA00F9703A /* SceneDelegate.swift */; };
		CCDD0B0C24355ACA00F9703A /* ViewController.swift in Sources */ = {isa = PBXBuildFile; fileRef = CCDD0B0B24355ACA00F9703A /* ViewController.swift */; };
		CCDD0B0F24355ACA00F9703A /* Main.storyboard in Resources */ = {isa = PBXBuildFile; fileRef = CCDD0B0D24355ACA00F9703A /* Main.storyboard */; };
		CCDD0B1124355ACC00F9703A /* Assets.xcassets in Resources */ = {isa = PBXBuildFile; fileRef = CCDD0B1024355ACC00F9703A /* Assets.xcassets */; };
		CCDD0B1424355ACC00F9703A /* LaunchScreen.storyboard in Resources */ = {isa = PBXBuildFile; fileRef = CCDD0B1224355ACC00F9703A /* LaunchScreen.storyboard */; };
		CCDD0B1F24355ACC00F9703A /* tipCalculatorTests.swift in Sources */ = {isa = PBXBuildFile; fileRef = CCDD0B1E24355ACC00F9703A /* tipCalculatorTests.swift */; };
		CCDD0B2A24355ACC00F9703A /* tipCalculatorUITests.swift in Sources */ = {isa = PBXBuildFile; fileRef = CCDD0B2924355ACC00F9703A /* tipCalculatorUITests.swift */; };
/* End PBXBuildFile section */

/* Begin PBXContainerItemProxy section */
		CCDD0B1B24355ACC00F9703A /* PBXContainerItemProxy */ = {
			isa = PBXContainerItemProxy;
			containerPortal = CCDD0AFC24355ACA00F9703A /* Project object */;
			proxyType = 1;
			remoteGlobalIDString = CCDD0B0324355ACA00F9703A;
			remoteInfo = tipCalculator;
		};
		CCDD0B2624355ACC00F9703A /* PBXContainerItemProxy */ = {
			isa = PBXContainerItemProxy;
			containerPortal = CCDD0AFC24355ACA00F9703A /* Project object */;
			proxyType = 1;
			remoteGlobalIDString = CCDD0B0324355ACA00F9703A;
			remoteInfo = tipCalculator;
		};
/* End PBXContainerItemProxy section */

/* Begin PBXFileReference section */
		CCDD0B0424355ACA00F9703A /* tipCalculator.app */ = {isa = PBXFileReference; explicitFileType = wrapper.application; includeInIndex = 0; path = tipCalculator.app; sourceTree = BUILT_PRODUCTS_DIR; };
		CCDD0B0724355ACA00F9703A /* AppDelegate.swift */ = {isa = PBXFileReference; lastKnownFileType = sourcecode.swift; path = AppDelegate.swift; sourceTree = "<group>"; };
		CCDD0B0924355ACA00F9703A /* SceneDelegate.swift */ = {isa = PBXFileReference; lastKnownFileType = sourcecode.swift; path = SceneDelegate.swift; sourceTree = "<group>"; };
		CCDD0B0B24355ACA00F9703A /* ViewController.swift */ = {isa = PBXFileReference; lastKnownFileType = sourcecode.swift; path = ViewController.swift; sourceTree = "<group>"; };
		CCDD0B0E24355ACA00F9703A /* Base */ = {isa = PBXFileReference; lastKnownFileType = file.storyboard; name = Base; path = Base.lproj/Main.storyboard; sourceTree = "<group>"; };
		CCDD0B1024355ACC00F9703A /* Assets.xcassets */ = {isa = PBXFileReference; lastKnownFileType = folder.assetcatalog; path = Assets.xcassets; sourceTree = "<group>"; };
		CCDD0B1324355ACC00F9703A /* Base */ = {isa = PBXFileReference; lastKnownFileType = file.storyboard; name = Base; path = Base.lproj/LaunchScreen.storyboard; sourceTree = "<group>"; };
		CCDD0B1524355ACC00F9703A /* Info.plist */ = {isa = PBXFileReference; lastKnownFileType = text.plist.xml; path = Info.plist; sourceTree = "<group>"; };
		CCDD0B1A24355ACC00F9703A /* tipCalculatorTests.xctest */ = {isa = PBXFileReference; explicitFileType = wrapper.cfbundle; includeInIndex = 0; path = tipCalculatorTests.xctest; sourceTree = BUILT_PRODUCTS_DIR; };
		CCDD0B1E24355ACC00F9703A /* tipCalculatorTests.swift */ = {isa = PBXFileReference; lastKnownFileType = sourcecode.swift; path = tipCalculatorTests.swift; sourceTree = "<group>"; };
		CCDD0B2024355ACC00F9703A /* Info.plist */ = {isa = PBXFileReference; lastKnownFileType = text.plist.xml; path = Info.plist; sourceTree = "<group>"; };
		CCDD0B2524355ACC00F9703A /* tipCalculatorUITests.xctest */ = {isa = PBXFileReference; explicitFileType = wrapper.cfbundle; includeInIndex = 0; path = tipCalculatorUITests.xctest; sourceTree = BUILT_PRODUCTS_DIR; };
		CCDD0B2924355ACC00F9703A /* tipCalculatorUITests.swift */ = {isa = PBXFileReference; lastKnownFileType = sourcecode.swift; path = tipCalculatorUITests.swift; sourceTree = "<group>"; };
		CCDD0B2B24355ACC00F9703A /* Info.plist */ = {isa = PBXFileReference; lastKnownFileType = text.plist.xml; path = Info.plist; sourceTree = "<group>"; };
/* End PBXFileReference section */

/* Begin PBXFrameworksBuildPhase section */
		CCDD0B0124355ACA00F9703A /* Frameworks */ = {
			isa = PBXFrameworksBuildPhase;
			buildActionMask = 2147483647;
			files = (
			);
			runOnlyForDeploymentPostprocessing = 0;
		};
		CCDD0B1724355ACC00F9703A /* Frameworks */ = {
			isa = PBXFrameworksBuildPhase;
			buildActionMask = 2147483647;
			files = (
			);
			runOnlyForDeploymentPostprocessing = 0;
		};
		CCDD0B2224355ACC00F9703A /* Frameworks */ = {
			isa = PBXFrameworksBuildPhase;
			buildActionMask = 2147483647;
			files = (
			);
			runOnlyForDeploymentPostprocessing = 0;
		};
/* End PBXFrameworksBuildPhase section */

/* Begin PBXGroup section */
		CCDD0AFB24355ACA00F9703A = {
			isa = PBXGroup;
			children = (
				CCDD0B0624355ACA00F9703A /* tipCalculator */,
				CCDD0B1D24355ACC00F9703A /* tipCalculatorTests */,
				CCDD0B2824355ACC00F9703A /* tipCalculatorUITests */,
				CCDD0B0524355ACA00F9703A /* Products */,
			);
			sourceTree = "<group>";
		};
		CCDD0B0524355ACA00F9703A /* Products */ = {
			isa = PBXGroup;
			children = (
				CCDD0B0424355ACA00F9703A /* tipCalculator.app */,
				CCDD0B1A24355ACC00F9703A /* tipCalculatorTests.xctest */,
				CCDD0B2524355ACC00F9703A /* tipCalculatorUITests.xctest */,
			);
			name = Products;
			sourceTree = "<group>";
		};
		CCDD0B0624355ACA00F9703A /* tipCalculator */ = {
			isa = PBXGroup;
			children = (
				CCDD0B0724355ACA00F9703A /* AppDelegate.swift */,
				CCDD0B0924355ACA00F9703A /* SceneDelegate.swift */,
				CCDD0B0B24355ACA00F9703A /* ViewController.swift */,
				CCDD0B0D24355ACA00F9703A /* Main.storyboard */,
				CCDD0B1024355ACC00F9703A /* Assets.xcassets */,
				CCDD0B1224355ACC00F9703A /* LaunchScreen.storyboard */,
				CCDD0B1524355ACC00F9703A /* Info.plist */,
			);
			path = tipCalculator;
			sourceTree = "<group>";
		};
		CCDD0B1D24355ACC00F9703A /* tipCalculatorTests */ = {
			isa = PBXGroup;
			children = (
				CCDD0B1E24355ACC00F9703A /* tipCalculatorTests.swift */,
				CCDD0B2024355ACC00F9703A /* Info.plist */,
			);
			path = tipCalculatorTests;
			sourceTree = "<group>";
		};
		CCDD0B2824355ACC00F9703A /* tipCalculatorUITests */ = {
			isa = PBXGroup;
			children = (
				CCDD0B2924355ACC00F9703A /* tipCalculatorUITests.swift */,
				CCDD0B2B24355ACC00F9703A /* Info.plist */,
			);
			path = tipCalculatorUITests;
			sourceTree = "<group>";
		};
/* End PBXGroup section */

/* Begin PBXNativeTarget section */
		CCDD0B0324355ACA00F9703A /* tipCalculator */ = {
			isa = PBXNativeTarget;
			buildConfigurationList = CCDD0B2E24355ACC00F9703A /* Build configuration list for PBXNativeTarget "tipCalculator" */;
			buildPhases = (
				CCDD0B0024355ACA00F9703A /* Sources */,
				CCDD0B0124355ACA00F9703A /* Frameworks */,
				CCDD0B0224355ACA00F9703A /* Resources */,
			);
			buildRules = (
			);
			dependencies = (
			);
			name = tipCalculator;
			productName = tipCalculator;
			productReference = CCDD0B0424355ACA00F9703A /* tipCalculator.app */;
			productType = "com.apple.product-type.application";
		};
		CCDD0B1924355ACC00F9703A /* tipCalculatorTests */ = {
			isa = PBXNativeTarget;
			buildConfigurationList = CCDD0B3124355ACC00F9703A /* Build configuration list for PBXNativeTarget "tipCalculatorTests" */;
			buildPhases = (
				CCDD0B1624355ACC00F9703A /* Sources */,
				CCDD0B1724355ACC00F9703A /* Frameworks */,
				CCDD0B1824355ACC00F9703A /* Resources */,
			);
			buildRules = (
			);
			dependencies = (
				CCDD0B1C24355ACC00F9703A /* PBXTargetDependency */,
			);
			name = tipCalculatorTests;
			productName = tipCalculatorTests;
			productReference = CCDD0B1A24355ACC00F9703A /* tipCalculatorTests.xctest */;
			productType = "com.apple.product-type.bundle.unit-test";
		};
		CCDD0B2424355ACC00F9703A /* tipCalculatorUITests */ = {
			isa = PBXNativeTarget;
			buildConfigurationList = CCDD0B3424355ACC00F9703A /* Build configuration list for PBXNativeTarget "tipCalculatorUITests" */;
			buildPhases = (
				CCDD0B2124355ACC00F9703A /* Sources */,
				CCDD0B2224355ACC00F9703A /* Frameworks */,
				CCDD0B2324355ACC00F9703A /* Resources */,
			);
			buildRules = (
			);
			dependencies = (
				CCDD0B2724355ACC00F9703A /* PBXTargetDependency */,
			);
			name = tipCalculatorUITests;
			productName = tipCalculatorUITests;
			productReference = CCDD0B2524355ACC00F9703A /* tipCalculatorUITests.xctest */;
			productType = "com.apple.product-type.bundle.ui-testing";
		};
/* End PBXNativeTarget section */

/* Begin PBXProject section */
		CCDD0AFC24355ACA00F9703A /* Project object */ = {
			isa = PBXProject;
			attributes = {
				LastSwiftUpdateCheck = 1140;
				LastUpgradeCheck = 1140;
				ORGANIZATIONNAME = "Jordan Young";
				TargetAttributes = {
					CCDD0B0324355ACA00F9703A = {
						CreatedOnToolsVersion = 11.4;
					};
					CCDD0B1924355ACC00F9703A = {
						CreatedOnToolsVersion = 11.4;
						TestTargetID = CCDD0B0324355ACA00F9703A;
					};
					CCDD0B2424355ACC00F9703A = {
						CreatedOnToolsVersion = 11.4;
						TestTargetID = CCDD0B0324355ACA00F9703A;
					};
				};
			};
			buildConfigurationList = CCDD0AFF24355ACA00F9703A /* Build configuration list for PBXProject "tipCalculator" */;
			compatibilityVersion = "Xcode 9.3";
			developmentRegion = en;
			hasScannedForEncodings = 0;
			knownRegions = (
				en,
				Base,
			);
			mainGroup = CCDD0AFB24355ACA00F9703A;
			productRefGroup = CCDD0B0524355ACA00F9703A /* Products */;
			projectDirPath = "";
			projectRoot = "";
			targets = (
				CCDD0B0324355ACA00F9703A /* tipCalculator */,
				CCDD0B1924355ACC00F9703A /* tipCalculatorTests */,
				CCDD0B2424355ACC00F9703A /* tipCalculatorUITests */,
			);
		};
/* End PBXProject section */

/* Begin PBXResourcesBuildPhase section */
		CCDD0B0224355ACA00F9703A /* Resources */ = {
			isa = PBXResourcesBuildPhase;
			buildActionMask = 2147483647;
			files = (
				CCDD0B1424355ACC00F9703A /* LaunchScreen.storyboard in Resources */,
				CCDD0B1124355ACC00F9703A /* Assets.xcassets in Resources */,
				CCDD0B0F24355ACA00F9703A /* Main.storyboard in Resources */,
			);
			runOnlyForDeploymentPostprocessing = 0;
		};
		CCDD0B1824355ACC00F9703A /* Resources */ = {
			isa = PBXResourcesBuildPhase;
			buildActionMask = 2147483647;
			files = (
			);
			runOnlyForDeploymentPostprocessing = 0;
		};
		CCDD0B2324355ACC00F9703A /* Resources */ = {
			isa = PBXResourcesBuildPhase;
			buildActionMask = 2147483647;
			files = (
			);
			runOnlyForDeploymentPostprocessing = 0;
		};
/* End PBXResourcesBuildPhase section */

/* Begin PBXSourcesBuildPhase section */
		CCDD0B0024355ACA00F9703A /* Sources */ = {
			isa = PBXSourcesBuildPhase;
			buildActionMask = 2147483647;
			files = (
				CCDD0B0C24355ACA00F9703A /* ViewController.swift in Sources */,
				CCDD0B0824355ACA00F9703A /* AppDelegate.swift in Sources */,
				CCDD0B0A24355ACA00F9703A /* SceneDelegate.swift in Sources */,
			);
			runOnlyForDeploymentPostprocessing = 0;
		};
		CCDD0B1624355ACC00F9703A /* Sources */ = {
			isa = PBXSourcesBuildPhase;
			buildActionMask = 2147483647;
			files = (
				CCDD0B1F24355ACC00F9703A /* tipCalculatorTests.swift in Sources */,
			);
			runOnlyForDeploymentPostprocessing = 0;
		};
		CCDD0B2124355ACC00F9703A /* Sources */ = {
			isa = PBXSourcesBuildPhase;
			buildActionMask = 2147483647;
			files = (
				CCDD0B2A24355ACC00F9703A /* tipCalculatorUITests.swift in Sources */,
			);
			runOnlyForDeploymentPostprocessing = 0;
		};
/* End PBXSourcesBuildPhase section */

/* Begin PBXTargetDependency section */
		CCDD0B1C24355ACC00F9703A /* PBXTargetDependency */ = {
			isa = PBXTargetDependency;
			target = CCDD0B0324355ACA00F9703A /* tipCalculator */;
			targetProxy = CCDD0B1B24355ACC00F9703A /* PBXContainerItemProxy */;
		};
		CCDD0B2724355ACC00F9703A /* PBXTargetDependency */ = {
			isa = PBXTargetDependency;
			target = CCDD0B0324355ACA00F9703A /* tipCalculator */;
			targetProxy = CCDD0B2624355ACC00F9703A /* PBXContainerItemProxy */;
		};
/* End PBXTargetDependency section */

/* Begin PBXVariantGroup section */
		CCDD0B0D24355ACA00F9703A /* Main.storyboard */ = {
			isa = PBXVariantGroup;
			children = (
				CCDD0B0E24355ACA00F9703A /* Base */,
			);
			name = Main.storyboard;
			sourceTree = "<group>";
		};
		CCDD0B1224355ACC00F9703A /* LaunchScreen.storyboard */ = {
			isa = PBXVariantGroup;
			children = (
				CCDD0B1324355ACC00F9703A /* Base */,
			);
			name = LaunchScreen.storyboard;
			sourceTree = "<group>";
		};
/* End PBXVariantGroup section */

/* Begin XCBuildConfiguration section */
		CCDD0B2C24355ACC00F9703A /* Debug */ = {
			isa = XCBuildConfiguration;
			buildSettings = {
				ALWAYS_SEARCH_USER_PATHS = NO;
				CLANG_ANALYZER_NONNULL = YES;
				CLANG_ANALYZER_NUMBER_OBJECT_CONVERSION = YES_AGGRESSIVE;
				CLANG_CXX_LANGUAGE_STANDARD = "gnu++14";
				CLANG_CXX_LIBRARY = "libc++";
				CLANG_ENABLE_MODULES = YES;
				CLANG_ENABLE_OBJC_ARC = YES;
				CLANG_ENABLE_OBJC_WEAK = YES;
				CLANG_WARN_BLOCK_CAPTURE_AUTORELEASING = YES;
				CLANG_WARN_BOOL_CONVERSION = YES;
				CLANG_WARN_COMMA = YES;
				CLANG_WARN_CONSTANT_CONVERSION = YES;
				CLANG_WARN_DEPRECATED_OBJC_IMPLEMENTATIONS = YES;
				CLANG_WARN_DIRECT_OBJC_ISA_USAGE = YES_ERROR;
				CLANG_WARN_DOCUMENTATION_COMMENTS = YES;
				CLANG_WARN_EMPTY_BODY = YES;
				CLANG_WARN_ENUM_CONVERSION = YES;
				CLANG_WARN_INFINITE_RECURSION = YES;
				CLANG_WARN_INT_CONVERSION = YES;
				CLANG_WARN_NON_LITERAL_NULL_CONVERSION = YES;
				CLANG_WARN_OBJC_IMPLICIT_RETAIN_SELF = YES;
				CLANG_WARN_OBJC_LITERAL_CONVERSION = YES;
				CLANG_WARN_OBJC_ROOT_CLASS = YES_ERROR;
				CLANG_WARN_RANGE_LOOP_ANALYSIS = YES;
				CLANG_WARN_STRICT_PROTOTYPES = YES;
				CLANG_WARN_SUSPICIOUS_MOVE = YES;
				CLANG_WARN_UNGUARDED_AVAILABILITY = YES_AGGRESSIVE;
				CLANG_WARN_UNREACHABLE_CODE = YES;
				CLANG_WARN__DUPLICATE_METHOD_MATCH = YES;
				COPY_PHASE_STRIP = NO;
				DEBUG_INFORMATION_FORMAT = dwarf;
				ENABLE_STRICT_OBJC_MSGSEND = YES;
				ENABLE_TESTABILITY = YES;
				GCC_C_LANGUAGE_STANDARD = gnu11;
				GCC_DYNAMIC_NO_PIC = NO;
				GCC_NO_COMMON_BLOCKS = YES;
				GCC_OPTIMIZATION_LEVEL = 0;
				GCC_PREPROCESSOR_DEFINITIONS = (
					"DEBUG=1",
					"$(inherited)",
				);
				GCC_WARN_64_TO_32_BIT_CONVERSION = YES;
				GCC_WARN_ABOUT_RETURN_TYPE = YES_ERROR;
				GCC_WARN_UNDECLARED_SELECTOR = YES;
				GCC_WARN_UNINITIALIZED_AUTOS = YES_AGGRESSIVE;
				GCC_WARN_UNUSED_FUNCTION = YES;
				GCC_WARN_UNUSED_VARIABLE = YES;
				IPHONEOS_DEPLOYMENT_TARGET = 13.4;
				MTL_ENABLE_DEBUG_INFO = INCLUDE_SOURCE;
				MTL_FAST_MATH = YES;
				ONLY_ACTIVE_ARCH = YES;
				SDKROOT = iphoneos;
				SWIFT_ACTIVE_COMPILATION_CONDITIONS = DEBUG;
				SWIFT_OPTIMIZATION_LEVEL = "-Onone";
			};
			name = Debug;
		};
		CCDD0B2D24355ACC00F9703A /* Release */ = {
			isa = XCBuildConfiguration;
			buildSettings = {
				ALWAYS_SEARCH_USER_PATHS = NO;
				CLANG_ANALYZER_NONNULL = YES;
				CLANG_ANALYZER_NUMBER_OBJECT_CONVERSION = YES_AGGRESSIVE;
				CLANG_CXX_LANGUAGE_STANDARD = "gnu++14";
				CLANG_CXX_LIBRARY = "libc++";
				CLANG_ENABLE_MODULES = YES;
				CLANG_ENABLE_OBJC_ARC = YES;
				CLANG_ENABLE_OBJC_WEAK = YES;
				CLANG_WARN_BLOCK_CAPTURE_AUTORELEASING = YES;
				CLANG_WARN_BOOL_CONVERSION = YES;
				CLANG_WARN_COMMA = YES;
				CLANG_WARN_CONSTANT_CONVERSION = YES;
				CLANG_WARN_DEPRECATED_OBJC_IMPLEMENTATIONS = YES;
				CLANG_WARN_DIRECT_OBJC_ISA_USAGE = YES_ERROR;
				CLANG_WARN_DOCUMENTATION_COMMENTS = YES;
				CLANG_WARN_EMPTY_BODY = YES;
				CLANG_WARN_ENUM_CONVERSION = YES;
				CLANG_WARN_INFINITE_RECURSION = YES;
				CLANG_WARN_INT_CONVERSION = YES;
				CLANG_WARN_NON_LITERAL_NULL_CONVERSION = YES;
				CLANG_WARN_OBJC_IMPLICIT_RETAIN_SELF = YES;
				CLANG_WARN_OBJC_LITERAL_CONVERSION = YES;
				CLANG_WARN_OBJC_ROOT_CLASS = YES_ERROR;
				CLANG_WARN_RANGE_LOOP_ANALYSIS = YES;
				CLANG_WARN_STRICT_PROTOTYPES = YES;
				CLANG_WARN_SUSPICIOUS_MOVE = YES;
				CLANG_WARN_UNGUARDED_AVAILABILITY = YES_AGGRESSIVE;
				CLANG_WARN_UNREACHABLE_CODE = YES;
				CLANG_WARN__DUPLICATE_METHOD_MATCH = YES;
				COPY_PHASE_STRIP = NO;
				DEBUG_INFORMATION_FORMAT = "dwarf-with-dsym";
				ENABLE_NS_ASSERTIONS = NO;
				ENABLE_STRICT_OBJC_MSGSEND = YES;
				GCC_C_LANGUAGE_STANDARD = gnu11;
				GCC_NO_COMMON_BLOCKS = YES;
				GCC_WARN_64_TO_32_BIT_CONVERSION = YES;
				GCC_WARN_ABOUT_RETURN_TYPE = YES_ERROR;
				GCC_WARN_UNDECLARED_SELECTOR = YES;
				GCC_WARN_UNINITIALIZED_AUTOS = YES_AGGRESSIVE;
				GCC_WARN_UNUSED_FUNCTION = YES;
				GCC_WARN_UNUSED_VARIABLE = YES;
				IPHONEOS_DEPLOYMENT_TARGET = 13.4;
				MTL_ENABLE_DEBUG_INFO = NO;
				MTL_FAST_MATH = YES;
				SDKROOT = iphoneos;
				SWIFT_COMPILATION_MODE = wholemodule;
				SWIFT_OPTIMIZATION_LEVEL = "-O";
				VALIDATE_PRODUCT = YES;
			};
			name = Release;
		};
		CCDD0B2F24355ACC00F9703A /* Debug */ = {
			isa = XCBuildConfiguration;
			buildSettings = {
				ASSETCATALOG_COMPILER_APPICON_NAME = AppIcon;
				CODE_SIGN_STYLE = Automatic;
				INFOPLIST_FILE = tipCalculator/Info.plist;
				LD_RUNPATH_SEARCH_PATHS = (
					"$(inherited)",
					"@executable_path/Frameworks",
				);
				PRODUCT_BUNDLE_IDENTIFIER = learning.tipCalculator;
				PRODUCT_NAME = "$(TARGET_NAME)";
				SWIFT_VERSION = 5.0;
				TARGETED_DEVICE_FAMILY = "1,2";
			};
			name = Debug;
		};
		CCDD0B3024355ACC00F9703A /* Release */ = {
			isa = XCBuildConfiguration;
			buildSettings = {
				ASSETCATALOG_COMPILER_APPICON_NAME = AppIcon;
				CODE_SIGN_STYLE = Automatic;
				INFOPLIST_FILE = tipCalculator/Info.plist;
				LD_RUNPATH_SEARCH_PATHS = (
					"$(inherited)",
					"@executable_path/Frameworks",
				);
				PRODUCT_BUNDLE_IDENTIFIER = learning.tipCalculator;
				PRODUCT_NAME = "$(TARGET_NAME)";
				SWIFT_VERSION = 5.0;
				TARGETED_DEVICE_FAMILY = "1,2";
			};
			name = Release;
		};
		CCDD0B3224355ACC00F9703A /* Debug */ = {
			isa = XCBuildConfiguration;
			buildSettings = {
				ALWAYS_EMBED_SWIFT_STANDARD_LIBRARIES = YES;
				BUNDLE_LOADER = "$(TEST_HOST)";
				CODE_SIGN_STYLE = Automatic;
				INFOPLIST_FILE = tipCalculatorTests/Info.plist;
				IPHONEOS_DEPLOYMENT_TARGET = 13.4;
				LD_RUNPATH_SEARCH_PATHS = (
					"$(inherited)",
					"@executable_path/Frameworks",
					"@loader_path/Frameworks",
				);
				PRODUCT_BUNDLE_IDENTIFIER = learning.tipCalculatorTests;
				PRODUCT_NAME = "$(TARGET_NAME)";
				SWIFT_VERSION = 5.0;
				TARGETED_DEVICE_FAMILY = "1,2";
				TEST_HOST = "$(BUILT_PRODUCTS_DIR)/tipCalculator.app/tipCalculator";
			};
			name = Debug;
		};
		CCDD0B3324355ACC00F9703A /* Release */ = {
			isa = XCBuildConfiguration;
			buildSettings = {
				ALWAYS_EMBED_SWIFT_STANDARD_LIBRARIES = YES;
				BUNDLE_LOADER = "$(TEST_HOST)";
				CODE_SIGN_STYLE = Automatic;
				INFOPLIST_FILE = tipCalculatorTests/Info.plist;
				IPHONEOS_DEPLOYMENT_TARGET = 13.4;
				LD_RUNPATH_SEARCH_PATHS = (
					"$(inherited)",
					"@executable_path/Frameworks",
					"@loader_path/Frameworks",
				);
				PRODUCT_BUNDLE_IDENTIFIER = learning.tipCalculatorTests;
				PRODUCT_NAME = "$(TARGET_NAME)";
				SWIFT_VERSION = 5.0;
				TARGETED_DEVICE_FAMILY = "1,2";
				TEST_HOST = "$(BUILT_PRODUCTS_DIR)/tipCalculator.app/tipCalculator";
			};
			name = Release;
		};
		CCDD0B3524355ACC00F9703A /* Debug */ = {
			isa = XCBuildConfiguration;
			buildSettings = {
				ALWAYS_EMBED_SWIFT_STANDARD_LIBRARIES = YES;
				CODE_SIGN_STYLE = Automatic;
				INFOPLIST_FILE = tipCalculatorUITests/Info.plist;
				LD_RUNPATH_SEARCH_PATHS = (
					"$(inherited)",
					"@executable_path/Frameworks",
					"@loader_path/Frameworks",
				);
				PRODUCT_BUNDLE_IDENTIFIER = learning.tipCalculatorUITests;
				PRODUCT_NAME = "$(TARGET_NAME)";
				SWIFT_VERSION = 5.0;
				TARGETED_DEVICE_FAMILY = "1,2";
				TEST_TARGET_NAME = tipCalculator;
			};
			name = Debug;
		};
		CCDD0B3624355ACC00F9703A /* Release */ = {
			isa = XCBuildConfiguration;
			buildSettings = {
				ALWAYS_EMBED_SWIFT_STANDARD_LIBRARIES = YES;
				CODE_SIGN_STYLE = Automatic;
				INFOPLIST_FILE = tipCalculatorUITests/Info.plist;
				LD_RUNPATH_SEARCH_PATHS = (
					"$(inherited)",
					"@executable_path/Frameworks",
					"@loader_path/Frameworks",
				);
				PRODUCT_BUNDLE_IDENTIFIER = learning.tipCalculatorUITests;
				PRODUCT_NAME = "$(TARGET_NAME)";
				SWIFT_VERSION = 5.0;
				TARGETED_DEVICE_FAMILY = "1,2";
				TEST_TARGET_NAME = tipCalculator;
			};
			name = Release;
		};
/* End XCBuildConfiguration section */

/* Begin XCConfigurationList section */
		CCDD0AFF24355ACA00F9703A /* Build configuration list for PBXProject "tipCalculator" */ = {
			isa = XCConfigurationList;
			buildConfigurations = (
				CCDD0B2C24355ACC00F9703A /* Debug */,
				CCDD0B2D24355ACC00F9703A /* Release */,
			);
			defaultConfigurationIsVisible = 0;
			defaultConfigurationName = Release;
		};
		CCDD0B2E24355ACC00F9703A /* Build configuration list for PBXNativeTarget "tipCalculator" */ = {
			isa = XCConfigurationList;
			buildConfigurations = (
				CCDD0B2F24355ACC00F9703A /* Debug */,
				CCDD0B3024355ACC00F9703A /* Release */,
			);
			defaultConfigurationIsVisible = 0;
			defaultConfigurationName = Release;
		};
		CCDD0B3124355ACC00F9703A /* Build configuration list for PBXNativeTarget "tipCalculatorTests" */ = {
			isa = XCConfigurationList;
			buildConfigurations = (
				CCDD0B3224355ACC00F9703A /* Debug */,
				CCDD0B3324355ACC00F9703A /* Release */,
			);
			defaultConfigurationIsVisible = 0;
			defaultConfigurationName = Release;
		};
		CCDD0B3424355ACC00F9703A /* Build configuration list for PBXNativeTarget "tipCalculatorUITests" */ = {
			isa = XCConfigurationList;
			buildConfigurations = (
				CCDD0B3524355ACC00F9703A /* Debug */,
				CCDD0B3624355ACC00F9703A /* Release */,
			);
			defaultConfigurationIsVisible = 0;
			defaultConfigurationName = Release;
		};
/* End XCConfigurationList section */
	};
	rootObject = CCDD0AFC24355ACA00F9703A /* Project object */;
}
